PODS:
  - Alamofire (5.4.4)
  - AlamofireImage (4.2.0):
    - Alamofire (~> 5.4)
  - CNPPopupController (0.3.3)
  - NVActivityIndicatorView (5.1.1):
    - NVActivityIndicatorView/Base (= 5.1.1)
  - NVActivityIndicatorView/Base (5.1.1)
  - SwiftyJSON (5.0.1)
  - Transporter (3.2.0)

DEPENDENCIES:
  - Alamofire
  - AlamofireImage
  - CNPPopupController
  - NVActivityIndicatorView
  - SwiftyJSON
  - Transporter

SPEC REPOS:
  https://github.com/CocoaPods/Specs.git:
    - Alamofire
    - AlamofireImage
    - CNPPopupController
    - NVActivityIndicatorView
    - SwiftyJSON
    - Transporter

SPEC CHECKSUMS:
  Alamofire: f3b09a368f1582ab751b3fff5460276e0d2cf5c9
  AlamofireImage: 34a2d90b0e5fe6a5605f85ae4b7b01e784c60192
  CNPPopupController: 59b06290762f68beab5fb0bbfa87eb4dcbefb7de
  NVActivityIndicatorView: 1f6c5687f1171810aa27a3296814dc2d7dec3667
  SwiftyJSON: 2f33a42c6fbc52764d96f13368585094bfd8aa5e
  Transporter: 7f4345f9ec5aa03e5f692d4b2788b9c360688704

PODFILE CHECKSUM: ede018ee20108c638aea33f7cf79c125541a2799

COCOAPODS: 1.10.1
